
Microsoft Visual Studio Solution File, Format Version 12.00
# Visual Studio 14
VisualStudioVersion = 14.0.25420.1
MinimumVisualStudioVersion = 10.0.40219.1
Project("{2150E333-8FDC-42A3-9474-1A3956D46DE8}") = "Dominio", "Dominio", "{4779912B-ABB5-4884-8E7E-AD4634C46CB4}"
EndProject
Project("{FAE04EC0-301F-11D3-BF4B-00C04F79EFBC}") = "Garcom.Dominio.Entidade", "Garcom.Dominio.Entidade\Garcom.Dominio.Entidade.csproj", "{DD73439E-6477-4E99-9ED6-FB59C5C59418}"
EndProject
Project("{2150E333-8FDC-42A3-9474-1A3956D46DE8}") = "Teste", "Teste", "{3E14A118-9259-4CC4-8427-21D7A74EE570}"
EndProject
Project("{FAE04EC0-301F-11D3-BF4B-00C04F79EFBC}") = "Garcom.Teste", "Garcom.Teste\Garcom.Teste.csproj", "{D3150988-20D9-4F61-811C-4E86C6E9A372}"
EndProject
Project("{FAE04EC0-301F-11D3-BF4B-00C04F79EFBC}") = "Garcom.Dominio.Servico", "Garcom.Dominio.Servico\Garcom.Dominio.Servico.csproj", "{54FDC444-26F7-44A0-BDC5-6FF44BE49951}"
EndProject
Project("{2150E333-8FDC-42A3-9474-1A3956D46DE8}") = "Api", "Api", "{1DBD093D-4908-44D2-AE26-EA2011E8A5C7}"
EndProject
Project("{2150E333-8FDC-42A3-9474-1A3956D46DE8}") = "Core", "Core", "{46F34B6D-A79F-42BD-84C1-34AEE9F7A531}"
EndProject
Project("{FAE04EC0-301F-11D3-BF4B-00C04F79EFBC}") = "Garcom.Core", "Garcom.Core\Garcom.Core.csproj", "{EBF6647E-EF61-4518-98F7-228B16071D76}"
EndProject
Project("{2150E333-8FDC-42A3-9474-1A3956D46DE8}") = "Infra", "Infra", "{37B246EE-EE49-4DB4-A0F7-3F12A97DF903}"
EndProject
Project("{FAE04EC0-301F-11D3-BF4B-00C04F79EFBC}") = "Garcom.Infra", "Garcom.InfraNew\Garcom.Infra.csproj", "{08CEBC15-C9DD-4D6B-A69C-8844408B0451}"
EndProject
Project("{FAE04EC0-301F-11D3-BF4B-00C04F79EFBC}") = "Garcom.API", "Garcom.API\Garcom.API.csproj", "{B1C5ADEE-071C-4354-AA80-7E0A3273F412}"
EndProject
Project("{2150E333-8FDC-42A3-9474-1A3956D46DE8}") = "Aplicacao", "Aplicacao", "{E1EDBF36-E235-4DA3-A77E-3A98B0E8246E}"
EndProject
Project("{FAE04EC0-301F-11D3-BF4B-00C04F79EFBC}") = "Garcom.Aplicacao", "Garcom.Aplicacao\Garcom.Aplicacao.csproj", "{397FF7B8-D6BA-4ED0-AAFB-687A4CCAF2CC}"
EndProject
Global
	GlobalSection(SolutionConfigurationPlatforms) = preSolution
		Debug|Any CPU = Debug|Any CPU
		Debug|ARM = Debug|ARM
		Debug|x64 = Debug|x64
		Debug|x86 = Debug|x86
		Release|Any CPU = Release|Any CPU
		Release|ARM = Release|ARM
		Release|x64 = Release|x64
		Release|x86 = Release|x86
	EndGlobalSection
	GlobalSection(ProjectConfigurationPlatforms) = postSolution
		{DD73439E-6477-4E99-9ED6-FB59C5C59418}.Debug|Any CPU.ActiveCfg = Debug|Any CPU
		{DD73439E-6477-4E99-9ED6-FB59C5C59418}.Debug|Any CPU.Build.0 = Debug|Any CPU
		{DD73439E-6477-4E99-9ED6-FB59C5C59418}.Debug|ARM.ActiveCfg = Debug|Any CPU
		{DD73439E-6477-4E99-9ED6-FB59C5C59418}.Debug|ARM.Build.0 = Debug|Any CPU
		{DD73439E-6477-4E99-9ED6-FB59C5C59418}.Debug|x64.ActiveCfg = Debug|Any CPU
		{DD73439E-6477-4E99-9ED6-FB59C5C59418}.Debug|x64.Build.0 = Debug|Any CPU
		{DD73439E-6477-4E99-9ED6-FB59C5C59418}.Debug|x86.ActiveCfg = Debug|Any CPU
		{DD73439E-6477-4E99-9ED6-FB59C5C59418}.Debug|x86.Build.0 = Debug|Any CPU
		{DD73439E-6477-4E99-9ED6-FB59C5C59418}.Release|Any CPU.ActiveCfg = Release|Any CPU
		{DD73439E-6477-4E99-9ED6-FB59C5C59418}.Release|Any CPU.Build.0 = Release|Any CPU
		{DD73439E-6477-4E99-9ED6-FB59C5C59418}.Release|ARM.ActiveCfg = Release|Any CPU
		{DD73439E-6477-4E99-9ED6-FB59C5C59418}.Release|ARM.Build.0 = Release|Any CPU
		{DD73439E-6477-4E99-9ED6-FB59C5C59418}.Release|x64.ActiveCfg = Release|Any CPU
		{DD73439E-6477-4E99-9ED6-FB59C5C59418}.Release|x64.Build.0 = Release|Any CPU
		{DD73439E-6477-4E99-9ED6-FB59C5C59418}.Release|x86.ActiveCfg = Release|Any CPU
		{DD73439E-6477-4E99-9ED6-FB59C5C59418}.Release|x86.Build.0 = Release|Any CPU
		{D3150988-20D9-4F61-811C-4E86C6E9A372}.Debug|Any CPU.ActiveCfg = Debug|Any CPU
		{D3150988-20D9-4F61-811C-4E86C6E9A372}.Debug|Any CPU.Build.0 = Debug|Any CPU
		{D3150988-20D9-4F61-811C-4E86C6E9A372}.Debug|ARM.ActiveCfg = Debug|Any CPU
		{D3150988-20D9-4F61-811C-4E86C6E9A372}.Debug|ARM.Build.0 = Debug|Any CPU
		{D3150988-20D9-4F61-811C-4E86C6E9A372}.Debug|x64.ActiveCfg = Debug|Any CPU
		{D3150988-20D9-4F61-811C-4E86C6E9A372}.Debug|x64.Build.0 = Debug|Any CPU
		{D3150988-20D9-4F61-811C-4E86C6E9A372}.Debug|x86.ActiveCfg = Debug|Any CPU
		{D3150988-20D9-4F61-811C-4E86C6E9A372}.Debug|x86.Build.0 = Debug|Any CPU
		{D3150988-20D9-4F61-811C-4E86C6E9A372}.Release|Any CPU.ActiveCfg = Release|Any CPU
		{D3150988-20D9-4F61-811C-4E86C6E9A372}.Release|Any CPU.Build.0 = Release|Any CPU
		{D3150988-20D9-4F61-811C-4E86C6E9A372}.Release|ARM.ActiveCfg = Release|Any CPU
		{D3150988-20D9-4F61-811C-4E86C6E9A372}.Release|ARM.Build.0 = Release|Any CPU
		{D3150988-20D9-4F61-811C-4E86C6E9A372}.Release|x64.ActiveCfg = Release|Any CPU
		{D3150988-20D9-4F61-811C-4E86C6E9A372}.Release|x64.Build.0 = Release|Any CPU
		{D3150988-20D9-4F61-811C-4E86C6E9A372}.Release|x86.ActiveCfg = Release|Any CPU
		{D3150988-20D9-4F61-811C-4E86C6E9A372}.Release|x86.Build.0 = Release|Any CPU
		{54FDC444-26F7-44A0-BDC5-6FF44BE49951}.Debug|Any CPU.ActiveCfg = Debug|Any CPU
		{54FDC444-26F7-44A0-BDC5-6FF44BE49951}.Debug|Any CPU.Build.0 = Debug|Any CPU
		{54FDC444-26F7-44A0-BDC5-6FF44BE49951}.Debug|ARM.ActiveCfg = Debug|Any CPU
		{54FDC444-26F7-44A0-BDC5-6FF44BE49951}.Debug|ARM.Build.0 = Debug|Any CPU
		{54FDC444-26F7-44A0-BDC5-6FF44BE49951}.Debug|x64.ActiveCfg = Debug|Any CPU
		{54FDC444-26F7-44A0-BDC5-6FF44BE49951}.Debug|x64.Build.0 = Debug|Any CPU
		{54FDC444-26F7-44A0-BDC5-6FF44BE49951}.Debug|x86.ActiveCfg = Debug|Any CPU
		{54FDC444-26F7-44A0-BDC5-6FF44BE49951}.Debug|x86.Build.0 = Debug|Any CPU
		{54FDC444-26F7-44A0-BDC5-6FF44BE49951}.Release|Any CPU.ActiveCfg = Release|Any CPU
		{54FDC444-26F7-44A0-BDC5-6FF44BE49951}.Release|Any CPU.Build.0 = Release|Any CPU
		{54FDC444-26F7-44A0-BDC5-6FF44BE49951}.Release|ARM.ActiveCfg = Release|Any CPU
		{54FDC444-26F7-44A0-BDC5-6FF44BE49951}.Release|ARM.Build.0 = Release|Any CPU
		{54FDC444-26F7-44A0-BDC5-6FF44BE49951}.Release|x64.ActiveCfg = Release|Any CPU
		{54FDC444-26F7-44A0-BDC5-6FF44BE49951}.Release|x64.Build.0 = Release|Any CPU
		{54FDC444-26F7-44A0-BDC5-6FF44BE49951}.Release|x86.ActiveCfg = Release|Any CPU
		{54FDC444-26F7-44A0-BDC5-6FF44BE49951}.Release|x86.Build.0 = Release|Any CPU
		{EBF6647E-EF61-4518-98F7-228B16071D76}.Debug|Any CPU.ActiveCfg = Debug|Any CPU
		{EBF6647E-EF61-4518-98F7-228B16071D76}.Debug|Any CPU.Build.0 = Debug|Any CPU
		{EBF6647E-EF61-4518-98F7-228B16071D76}.Debug|ARM.ActiveCfg = Debug|Any CPU
		{EBF6647E-EF61-4518-98F7-228B16071D76}.Debug|ARM.Build.0 = Debug|Any CPU
		{EBF6647E-EF61-4518-98F7-228B16071D76}.Debug|x64.ActiveCfg = Debug|Any CPU
		{EBF6647E-EF61-4518-98F7-228B16071D76}.Debug|x64.Build.0 = Debug|Any CPU
		{EBF6647E-EF61-4518-98F7-228B16071D76}.Debug|x86.ActiveCfg = Debug|Any CPU
		{EBF6647E-EF61-4518-98F7-228B16071D76}.Debug|x86.Build.0 = Debug|Any CPU
		{EBF6647E-EF61-4518-98F7-228B16071D76}.Release|Any CPU.ActiveCfg = Release|Any CPU
		{EBF6647E-EF61-4518-98F7-228B16071D76}.Release|Any CPU.Build.0 = Release|Any CPU
		{EBF6647E-EF61-4518-98F7-228B16071D76}.Release|ARM.ActiveCfg = Release|Any CPU
		{EBF6647E-EF61-4518-98F7-228B16071D76}.Release|ARM.Build.0 = Release|Any CPU
		{EBF6647E-EF61-4518-98F7-228B16071D76}.Release|x64.ActiveCfg = Release|Any CPU
		{EBF6647E-EF61-4518-98F7-228B16071D76}.Release|x64.Build.0 = Release|Any CPU
		{EBF6647E-EF61-4518-98F7-228B16071D76}.Release|x86.ActiveCfg = Release|Any CPU
		{EBF6647E-EF61-4518-98F7-228B16071D76}.Release|x86.Build.0 = Release|Any CPU
		{08CEBC15-C9DD-4D6B-A69C-8844408B0451}.Debug|Any CPU.ActiveCfg = Debug|Any CPU
		{08CEBC15-C9DD-4D6B-A69C-8844408B0451}.Debug|Any CPU.Build.0 = Debug|Any CPU
		{08CEBC15-C9DD-4D6B-A69C-8844408B0451}.Debug|ARM.ActiveCfg = Debug|Any CPU
		{08CEBC15-C9DD-4D6B-A69C-8844408B0451}.Debug|ARM.Build.0 = Debug|Any CPU
		{08CEBC15-C9DD-4D6B-A69C-8844408B0451}.Debug|x64.ActiveCfg = Debug|Any CPU
		{08CEBC15-C9DD-4D6B-A69C-8844408B0451}.Debug|x64.Build.0 = Debug|Any CPU
		{08CEBC15-C9DD-4D6B-A69C-8844408B0451}.Debug|x86.ActiveCfg = Debug|Any CPU
		{08CEBC15-C9DD-4D6B-A69C-8844408B0451}.Debug|x86.Build.0 = Debug|Any CPU
		{08CEBC15-C9DD-4D6B-A69C-8844408B0451}.Release|Any CPU.ActiveCfg = Release|Any CPU
		{08CEBC15-C9DD-4D6B-A69C-8844408B0451}.Release|Any CPU.Build.0 = Release|Any CPU
		{08CEBC15-C9DD-4D6B-A69C-8844408B0451}.Release|ARM.ActiveCfg = Release|Any CPU
		{08CEBC15-C9DD-4D6B-A69C-8844408B0451}.Release|ARM.Build.0 = Release|Any CPU
		{08CEBC15-C9DD-4D6B-A69C-8844408B0451}.Release|x64.ActiveCfg = Release|Any CPU
		{08CEBC15-C9DD-4D6B-A69C-8844408B0451}.Release|x64.Build.0 = Release|Any CPU
		{08CEBC15-C9DD-4D6B-A69C-8844408B0451}.Release|x86.ActiveCfg = Release|Any CPU
		{08CEBC15-C9DD-4D6B-A69C-8844408B0451}.Release|x86.Build.0 = Release|Any CPU
		{B1C5ADEE-071C-4354-AA80-7E0A3273F412}.Debug|Any CPU.ActiveCfg = Debug|Any CPU
		{B1C5ADEE-071C-4354-AA80-7E0A3273F412}.Debug|Any CPU.Build.0 = Debug|Any CPU
		{B1C5ADEE-071C-4354-AA80-7E0A3273F412}.Debug|ARM.ActiveCfg = Debug|Any CPU
		{B1C5ADEE-071C-4354-AA80-7E0A3273F412}.Debug|ARM.Build.0 = Debug|Any CPU
		{B1C5ADEE-071C-4354-AA80-7E0A3273F412}.Debug|x64.ActiveCfg = Debug|Any CPU
		{B1C5ADEE-071C-4354-AA80-7E0A3273F412}.Debug|x64.Build.0 = Debug|Any CPU
		{B1C5ADEE-071C-4354-AA80-7E0A3273F412}.Debug|x86.ActiveCfg = Debug|Any CPU
		{B1C5ADEE-071C-4354-AA80-7E0A3273F412}.Debug|x86.Build.0 = Debug|Any CPU
		{B1C5ADEE-071C-4354-AA80-7E0A3273F412}.Release|Any CPU.ActiveCfg = Release|Any CPU
		{B1C5ADEE-071C-4354-AA80-7E0A3273F412}.Release|Any CPU.Build.0 = Release|Any CPU
		{B1C5ADEE-071C-4354-AA80-7E0A3273F412}.Release|ARM.ActiveCfg = Release|Any CPU
		{B1C5ADEE-071C-4354-AA80-7E0A3273F412}.Release|ARM.Build.0 = Release|Any CPU
		{B1C5ADEE-071C-4354-AA80-7E0A3273F412}.Release|x64.ActiveCfg = Release|Any CPU
		{B1C5ADEE-071C-4354-AA80-7E0A3273F412}.Release|x64.Build.0 = Release|Any CPU
		{B1C5ADEE-071C-4354-AA80-7E0A3273F412}.Release|x86.ActiveCfg = Release|Any CPU
		{B1C5ADEE-071C-4354-AA80-7E0A3273F412}.Release|x86.Build.0 = Release|Any CPU
		{397FF7B8-D6BA-4ED0-AAFB-687A4CCAF2CC}.Debug|Any CPU.ActiveCfg = Debug|Any CPU
		{397FF7B8-D6BA-4ED0-AAFB-687A4CCAF2CC}.Debug|Any CPU.Build.0 = Debug|Any CPU
		{397FF7B8-D6BA-4ED0-AAFB-687A4CCAF2CC}.Debug|ARM.ActiveCfg = Debug|Any CPU
		{397FF7B8-D6BA-4ED0-AAFB-687A4CCAF2CC}.Debug|ARM.Build.0 = Debug|Any CPU
		{397FF7B8-D6BA-4ED0-AAFB-687A4CCAF2CC}.Debug|x64.ActiveCfg = Debug|Any CPU
		{397FF7B8-D6BA-4ED0-AAFB-687A4CCAF2CC}.Debug|x64.Build.0 = Debug|Any CPU
		{397FF7B8-D6BA-4ED0-AAFB-687A4CCAF2CC}.Debug|x86.ActiveCfg = Debug|Any CPU
		{397FF7B8-D6BA-4ED0-AAFB-687A4CCAF2CC}.Debug|x86.Build.0 = Debug|Any CPU
		{397FF7B8-D6BA-4ED0-AAFB-687A4CCAF2CC}.Release|Any CPU.ActiveCfg = Release|Any CPU
		{397FF7B8-D6BA-4ED0-AAFB-687A4CCAF2CC}.Release|Any CPU.Build.0 = Release|Any CPU
		{397FF7B8-D6BA-4ED0-AAFB-687A4CCAF2CC}.Release|ARM.ActiveCfg = Release|Any CPU
		{397FF7B8-D6BA-4ED0-AAFB-687A4CCAF2CC}.Release|ARM.Build.0 = Release|Any CPU
		{397FF7B8-D6BA-4ED0-AAFB-687A4CCAF2CC}.Release|x64.ActiveCfg = Release|Any CPU
		{397FF7B8-D6BA-4ED0-AAFB-687A4CCAF2CC}.Release|x64.Build.0 = Release|Any CPU
		{397FF7B8-D6BA-4ED0-AAFB-687A4CCAF2CC}.Release|x86.ActiveCfg = Release|Any CPU
		{397FF7B8-D6BA-4ED0-AAFB-687A4CCAF2CC}.Release|x86.Build.0 = Release|Any CPU
	EndGlobalSection
	GlobalSection(SolutionProperties) = preSolution
		HideSolutionNode = FALSE
	EndGlobalSection
	GlobalSection(NestedProjects) = preSolution
		{DD73439E-6477-4E99-9ED6-FB59C5C59418} = {4779912B-ABB5-4884-8E7E-AD4634C46CB4}
		{D3150988-20D9-4F61-811C-4E86C6E9A372} = {3E14A118-9259-4CC4-8427-21D7A74EE570}
		{54FDC444-26F7-44A0-BDC5-6FF44BE49951} = {4779912B-ABB5-4884-8E7E-AD4634C46CB4}
		{EBF6647E-EF61-4518-98F7-228B16071D76} = {46F34B6D-A79F-42BD-84C1-34AEE9F7A531}
		{08CEBC15-C9DD-4D6B-A69C-8844408B0451} = {37B246EE-EE49-4DB4-A0F7-3F12A97DF903}
		{B1C5ADEE-071C-4354-AA80-7E0A3273F412} = {1DBD093D-4908-44D2-AE26-EA2011E8A5C7}
		{397FF7B8-D6BA-4ED0-AAFB-687A4CCAF2CC} = {E1EDBF36-E235-4DA3-A77E-3A98B0E8246E}
	EndGlobalSection
EndGlobal
